
Microsoft Visual Studio Solution File, Format Version 12.00
# Visual Studio Express 15 for Windows Desktop
VisualStudioVersion = 15.0.28307.645
MinimumVisualStudioVersion = 10.0.40219.1
Project("{F184B08F-C81C-45F6-A57F-5ABD9991F28F}") = "Project DB 19-20", "Project DB 19-20\Project DB 19-20.vbproj", "{2ECFE9DB-93E2-4F33-B644-F5FDF67F9609}"
EndProject
Global
	GlobalSection(SolutionConfigurationPlatforms) = preSolution
		Debug|Any CPU = Debug|Any CPU
		Release|Any CPU = Release|Any CPU
	EndGlobalSection
	GlobalSection(ProjectConfigurationPlatforms) = postSolution
		{2ECFE9DB-93E2-4F33-B644-F5FDF67F9609}.Debug|Any CPU.ActiveCfg = Debug|Any CPU
		{2ECFE9DB-93E2-4F33-B644-F5FDF67F9609}.Debug|Any CPU.Build.0 = Debug|Any CPU
		{2ECFE9DB-93E2-4F33-B644-F5FDF67F9609}.Release|Any CPU.ActiveCfg = Release|Any CPU
		{2ECFE9DB-93E2-4F33-B644-F5FDF67F9609}.Release|Any CPU.Build.0 = Release|Any CPU
	EndGlobalSection
	GlobalSection(SolutionProperties) = preSolution
		HideSolutionNode = FALSE
	EndGlobalSection
	GlobalSection(ExtensibilityGlobals) = postSolution
		SolutionGuid = {72F18F5D-FC41-4259-B1DD-B97B68407876}
	EndGlobalSection
EndGlobal
